{
  "nodes": {
    "lz-n": {
      "flake": false,
      "locked": {
        "lastModified": 1724103261,
        "narHash": "sha256-zmAJ4Wqv9FBZNLZdjEWzkICVRZKrykK+qTvlHJZLMLU=",
        "owner": "nvim-neorocks",
        "repo": "lz.n",
        "rev": "de1e21d3a4fd69940122d293b8c7a9814085a793",
        "type": "github"
      },
      "original": {
        "owner": "nvim-neorocks",
        "ref": "rm-state",
        "repo": "lz.n",
        "type": "github"
      }
    },
    "nixpkgs": {
      "locked": {
        "lastModified": 1723991338,
        "narHash": "sha256-Grh5PF0+gootJfOJFenTTxDTYPidA3V28dqJ/WV7iis=",
        "owner": "nixos",
        "repo": "nixpkgs",
        "rev": "8a3354191c0d7144db9756a74755672387b702ba",
        "type": "github"
      },
      "original": {
        "owner": "nixos",
        "ref": "nixos-unstable",
        "repo": "nixpkgs",
        "type": "github"
      }
    },
    "root": {
      "inputs": {
        "lz-n": "lz-n",
        "nixpkgs": "nixpkgs"
      }
    }
  },
  "root": "root",
  "version": 7
}
